{
  "name": "ejercicio-5",
  "version": "1.0.0",
  "lockfileVersion": 1,
  "requires": true,
  "dependencies": {
    "csv-parse": {
      "version": "4.3.3",
      "resolved": "https://registry.npmjs.org/csv-parse/-/csv-parse-4.3.3.tgz",
      "integrity": "sha512-bZ+AZjm2LlWEp5+TKeFeXDldduCUUaxEif+KUv+zvAwmCvCKTqeSHVEyxztGCQ6OE+87ObRq4NsCmg91SuJbhQ=="
    },
    "fs": {
      "version": "0.0.1-security",
      "resolved": "https://registry.npmjs.org/fs/-/fs-0.0.1-security.tgz",
      "integrity": "sha1-invTcYa23d84E/I4WLV+yq9eQdQ="
    }
  }
}
